
Microsoft Visual Studio Solution File, Format Version 12.00
Project("{FAE04EC0-301F-11D3-BF4B-00C04F79EFBC}") = "Blackbird.Plugins.Plunet", "Blackbird.Plugins.Plunet\Blackbird.Plugins.Plunet.csproj", "{99619265-1A8F-4C0F-B035-82925C8F2125}"
EndProject
Global
	GlobalSection(SolutionConfigurationPlatforms) = preSolution
		Debug|Any CPU = Debug|Any CPU
		Release|Any CPU = Release|Any CPU
	EndGlobalSection
	GlobalSection(ProjectConfigurationPlatforms) = postSolution
		{99619265-1A8F-4C0F-B035-82925C8F2125}.Debug|Any CPU.ActiveCfg = Debug|Any CPU
		{99619265-1A8F-4C0F-B035-82925C8F2125}.Debug|Any CPU.Build.0 = Debug|Any CPU
		{99619265-1A8F-4C0F-B035-82925C8F2125}.Release|Any CPU.ActiveCfg = Release|Any CPU
		{99619265-1A8F-4C0F-B035-82925C8F2125}.Release|Any CPU.Build.0 = Release|Any CPU
	EndGlobalSection
EndGlobal
